// !$*UTF8*$!
{
	archiveVersion = 1;
	classes = {
	};
	objectVersion = 46;
	objects = {

/* Begin PBXBuildFile section */
		6B8B0E231DCB4EC800C64E00 /* KarishmaMahajan.sqlite in Resources */ = {isa = PBXBuildFile; fileRef = 6B8B0E221DCB4EC800C64E00 /* KarishmaMahajan.sqlite */; };
		6F8AA3DF1DA264DA0063A554 /* main.m in Sources */ = {isa = PBXBuildFile; fileRef = 6F8AA3DE1DA264DA0063A554 /* main.m */; };
		6F8AA3E21DA264DA0063A554 /* AppDelegate.m in Sources */ = {isa = PBXBuildFile; fileRef = 6F8AA3E11DA264DA0063A554 /* AppDelegate.m */; };
		6F8AA3E51DA264DA0063A554 /* FirstViewController.m in Sources */ = {isa = PBXBuildFile; fileRef = 6F8AA3E41DA264DA0063A554 /* FirstViewController.m */; };
		6F8AA3E81DA264DA0063A554 /* SecondViewController.m in Sources */ = {isa = PBXBuildFile; fileRef = 6F8AA3E71DA264DA0063A554 /* SecondViewController.m */; };
		6F8AA3EB1DA264DA0063A554 /* Main.storyboard in Resources */ = {isa = PBXBuildFile; fileRef = 6F8AA3E91DA264DA0063A554 /* Main.storyboard */; };
		6F8AA3ED1DA264DA0063A554 /* Assets.xcassets in Resources */ = {isa = PBXBuildFile; fileRef = 6F8AA3EC1DA264DA0063A554 /* Assets.xcassets */; };
		6F8AA3F01DA264DA0063A554 /* LaunchScreen.storyboard in Resources */ = {isa = PBXBuildFile; fileRef = 6F8AA3EE1DA264DA0063A554 /* LaunchScreen.storyboard */; };
		6F8AA3F81DA264FF0063A554 /* libsqlite3.tbd in Frameworks */ = {isa = PBXBuildFile; fileRef = 6F8AA3F71DA264FF0063A554 /* libsqlite3.tbd */; };
		6F8AA3FB1DA268370063A554 /* KMDatabaseManager.m in Sources */ = {isa = PBXBuildFile; fileRef = 6F8AA3FA1DA268370063A554 /* KMDatabaseManager.m */; };
/* End PBXBuildFile section */

/* Begin PBXFileReference section */
		6B8B0E221DCB4EC800C64E00 /* KarishmaMahajan.sqlite */ = {isa = PBXFileReference; lastKnownFileType = file; path = KarishmaMahajan.sqlite; sourceTree = "<group>"; };
		6F8AA3DA1DA264DA0063A554 /* KMToDoList.app */ = {isa = PBXFileReference; explicitFileType = wrapper.application; includeInIndex = 0; path = KMToDoList.app; sourceTree = BUILT_PRODUCTS_DIR; };
		6F8AA3DE1DA264DA0063A554 /* main.m */ = {isa = PBXFileReference; lastKnownFileType = sourcecode.c.objc; path = main.m; sourceTree = "<group>"; };
		6F8AA3E01DA264DA0063A554 /* AppDelegate.h */ = {isa = PBXFileReference; lastKnownFileType = sourcecode.c.h; path = AppDelegate.h; sourceTree = "<group>"; };
		6F8AA3E11DA264DA0063A554 /* AppDelegate.m */ = {isa = PBXFileReference; lastKnownFileType = sourcecode.c.objc; path = AppDelegate.m; sourceTree = "<group>"; };
		6F8AA3E31DA264DA0063A554 /* FirstViewController.h */ = {isa = PBXFileReference; lastKnownFileType = sourcecode.c.h; path = FirstViewController.h; sourceTree = "<group>"; };
		6F8AA3E41DA264DA0063A554 /* FirstViewController.m */ = {isa = PBXFileReference; lastKnownFileType = sourcecode.c.objc; path = FirstViewController.m; sourceTree = "<group>"; };
		6F8AA3E61DA264DA0063A554 /* SecondViewController.h */ = {isa = PBXFileReference; lastKnownFileType = sourcecode.c.h; path = SecondViewController.h; sourceTree = "<group>"; };
		6F8AA3E71DA264DA0063A554 /* SecondViewController.m */ = {isa = PBXFileReference; lastKnownFileType = sourcecode.c.objc; path = SecondViewController.m; sourceTree = "<group>"; };
		6F8AA3EA1DA264DA0063A554 /* Base */ = {isa = PBXFileReference; lastKnownFileType = file.storyboard; name = Base; path = Base.lproj/Main.storyboard; sourceTree = "<group>"; };
		6F8AA3EC1DA264DA0063A554 /* Assets.xcassets */ = {isa = PBXFileReference; lastKnownFileType = folder.assetcatalog; path = Assets.xcassets; sourceTree = "<group>"; };
		6F8AA3EF1DA264DA0063A554 /* Base */ = {isa = PBXFileReference; lastKnownFileType = file.storyboard; name = Base; path = Base.lproj/LaunchScreen.storyboard; sourceTree = "<group>"; };
		6F8AA3F11DA264DA0063A554 /* Info.plist */ = {isa = PBXFileReference; lastKnownFileType = text.plist.xml; path = Info.plist; sourceTree = "<group>"; };
		6F8AA3F71DA264FF0063A554 /* libsqlite3.tbd */ = {isa = PBXFileReference; lastKnownFileType = "sourcecode.text-based-dylib-definition"; name = libsqlite3.tbd; path = usr/lib/libsqlite3.tbd; sourceTree = SDKROOT; };
		6F8AA3F91DA268370063A554 /* KMDatabaseManager.h */ = {isa = PBXFileReference; fileEncoding = 4; lastKnownFileType = sourcecode.c.h; path = KMDatabaseManager.h; sourceTree = "<group>"; };
		6F8AA3FA1DA268370063A554 /* KMDatabaseManager.m */ = {isa = PBXFileReference; fileEncoding = 4; lastKnownFileType = sourcecode.c.objc; path = KMDatabaseManager.m; sourceTree = "<group>"; };
/* End PBXFileReference section */

/* Begin PBXFrameworksBuildPhase section */
		6F8AA3D71DA264DA0063A554 /* Frameworks */ = {
			isa = PBXFrameworksBuildPhase;
			buildActionMask = 2147483647;
			files = (
				6F8AA3F81DA264FF0063A554 /* libsqlite3.tbd in Frameworks */,
			);
			runOnlyForDeploymentPostprocessing = 0;
		};
/* End PBXFrameworksBuildPhase section */

/* Begin PBXGroup section */
		6F8AA3D11DA264DA0063A554 = {
			isa = PBXGroup;
			children = (
				6F8AA3F71DA264FF0063A554 /* libsqlite3.tbd */,
				6F8AA3DC1DA264DA0063A554 /* KMToDoList */,
				6F8AA3DB1DA264DA0063A554 /* Products */,
			);
			sourceTree = "<group>";
		};
		6F8AA3DB1DA264DA0063A554 /* Products */ = {
			isa = PBXGroup;
			children = (
				6F8AA3DA1DA264DA0063A554 /* KMToDoList.app */,
			);
			name = Products;
			sourceTree = "<group>";
		};
		6F8AA3DC1DA264DA0063A554 /* KMToDoList */ = {
			isa = PBXGroup;
			children = (
				6B8B0E221DCB4EC800C64E00 /* KarishmaMahajan.sqlite */,
				6F8AA3F91DA268370063A554 /* KMDatabaseManager.h */,
				6F8AA3FA1DA268370063A554 /* KMDatabaseManager.m */,
				6F8AA3E01DA264DA0063A554 /* AppDelegate.h */,
				6F8AA3E11DA264DA0063A554 /* AppDelegate.m */,
				6F8AA3E31DA264DA0063A554 /* FirstViewController.h */,
				6F8AA3E41DA264DA0063A554 /* FirstViewController.m */,
				6F8AA3E61DA264DA0063A554 /* SecondViewController.h */,
				6F8AA3E71DA264DA0063A554 /* SecondViewController.m */,
				6F8AA3E91DA264DA0063A554 /* Main.storyboard */,
				6F8AA3EC1DA264DA0063A554 /* Assets.xcassets */,
				6F8AA3EE1DA264DA0063A554 /* LaunchScreen.storyboard */,
				6F8AA3F11DA264DA0063A554 /* Info.plist */,
				6F8AA3DD1DA264DA0063A554 /* Supporting Files */,
			);
			path = KMToDoList;
			sourceTree = "<group>";
		};
		6F8AA3DD1DA264DA0063A554 /* Supporting Files */ = {
			isa = PBXGroup;
			children = (
				6F8AA3DE1DA264DA0063A554 /* main.m */,
			);
			name = "Supporting Files";
			sourceTree = "<group>";
		};
/* End PBXGroup section */

/* Begin PBXNativeTarget section */
		6F8AA3D91DA264DA0063A554 /* KMToDoList */ = {
			isa = PBXNativeTarget;
			buildConfigurationList = 6F8AA3F41DA264DA0063A554 /* Build configuration list for PBXNativeTarget "KMToDoList" */;
			buildPhases = (
				6F8AA3D61DA264DA0063A554 /* Sources */,
				6F8AA3D71DA264DA0063A554 /* Frameworks */,
				6F8AA3D81DA264DA0063A554 /* Resources */,
			);
			buildRules = (
			);
			dependencies = (
			);
			name = KMToDoList;
			productName = KMToDoList;
			productReference = 6F8AA3DA1DA264DA0063A554 /* KMToDoList.app */;
			productType = "com.apple.product-type.application";
		};
/* End PBXNativeTarget section */

/* Begin PBXProject section */
		6F8AA3D21DA264DA0063A554 /* Project object */ = {
			isa = PBXProject;
			attributes = {
				LastUpgradeCheck = 0730;
				ORGANIZATIONNAME = "Karishma mhajan";
				TargetAttributes = {
					6F8AA3D91DA264DA0063A554 = {
						CreatedOnToolsVersion = 7.3.1;
					};
				};
			};
			buildConfigurationList = 6F8AA3D51DA264DA0063A554 /* Build configuration list for PBXProject "KMToDoList" */;
			compatibilityVersion = "Xcode 3.2";
			developmentRegion = English;
			hasScannedForEncodings = 0;
			knownRegions = (
				en,
				Base,
			);
			mainGroup = 6F8AA3D11DA264DA0063A554;
			productRefGroup = 6F8AA3DB1DA264DA0063A554 /* Products */;
			projectDirPath = "";
			projectRoot = "";
			targets = (
				6F8AA3D91DA264DA0063A554 /* KMToDoList */,
			);
		};
/* End PBXProject section */

/* Begin PBXResourcesBuildPhase section */
		6F8AA3D81DA264DA0063A554 /* Resources */ = {
			isa = PBXResourcesBuildPhase;
			buildActionMask = 2147483647;
			files = (
				6F8AA3F01DA264DA0063A554 /* LaunchScreen.storyboard in Resources */,
				6F8AA3ED1DA264DA0063A554 /* Assets.xcassets in Resources */,
				6B8B0E231DCB4EC800C64E00 /* KarishmaMahajan.sqlite in Resources */,
				6F8AA3EB1DA264DA0063A554 /* Main.storyboard in Resources */,
			);
			runOnlyForDeploymentPostprocessing = 0;
		};
/* End PBXResourcesBuildPhase section */

/* Begin PBXSourcesBuildPhase section */
		6F8AA3D61DA264DA0063A554 /* Sources */ = {
			isa = PBXSourcesBuildPhase;
			buildActionMask = 2147483647;
			files = (
				6F8AA3E81DA264DA0063A554 /* SecondViewController.m in Sources */,
				6F8AA3E21DA264DA0063A554 /* AppDelegate.m in Sources */,
				6F8AA3E51DA264DA0063A554 /* FirstViewController.m in Sources */,
				6F8AA3DF1DA264DA0063A554 /* main.m in Sources */,
				6F8AA3FB1DA268370063A554 /* KMDatabaseManager.m in Sources */,
			);
			runOnlyForDeploymentPostprocessing = 0;
		};
/* End PBXSourcesBuildPhase section */

/* Begin PBXVariantGroup section */
		6F8AA3E91DA264DA0063A554 /* Main.storyboard */ = {
			isa = PBXVariantGroup;
			children = (
				6F8AA3EA1DA264DA0063A554 /* Base */,
			);
			name = Main.storyboard;
			sourceTree = "<group>";
		};
		6F8AA3EE1DA264DA0063A554 /* LaunchScreen.storyboard */ = {
			isa = PBXVariantGroup;
			children = (
				6F8AA3EF1DA264DA0063A554 /* Base */,
			);
			name = LaunchScreen.storyboard;
			sourceTree = "<group>";
		};
/* End PBXVariantGroup section */

/* Begin XCBuildConfiguration section */
		6F8AA3F21DA264DA0063A554 /* Debug */ = {
			isa = XCBuildConfiguration;
			buildSettings = {
				ALWAYS_SEARCH_USER_PATHS = NO;
				CLANG_ANALYZER_NONNULL = YES;
				CLANG_CXX_LANGUAGE_STANDARD = "gnu++0x";
				CLANG_CXX_LIBRARY = "libc++";
				CLANG_ENABLE_MODULES = YES;
				CLANG_ENABLE_OBJC_ARC = YES;
				CLANG_WARN_BOOL_CONVERSION = YES;
				CLANG_WARN_CONSTANT_CONVERSION = YES;
				CLANG_WARN_DIRECT_OBJC_ISA_USAGE = YES_ERROR;
				CLANG_WARN_EMPTY_BODY = YES;
				CLANG_WARN_ENUM_CONVERSION = YES;
				CLANG_WARN_INT_CONVERSION = YES;
				CLANG_WARN_OBJC_ROOT_CLASS = YES_ERROR;
				CLANG_WARN_UNREACHABLE_CODE = YES;
				CLANG_WARN__DUPLICATE_METHOD_MATCH = YES;
				"CODE_SIGN_IDENTITY[sdk=iphoneos*]" = "iPhone Developer";
				COPY_PHASE_STRIP = NO;
				DEBUG_INFORMATION_FORMAT = dwarf;
				ENABLE_STRICT_OBJC_MSGSEND = YES;
				ENABLE_TESTABILITY = YES;
				GCC_C_LANGUAGE_STANDARD = gnu99;
				GCC_DYNAMIC_NO_PIC = NO;
				GCC_NO_COMMON_BLOCKS = YES;
				GCC_OPTIMIZATION_LEVEL = 0;
				GCC_PREPROCESSOR_DEFINITIONS = (
					"DEBUG=1",
					"$(inherited)",
				);
				GCC_WARN_64_TO_32_BIT_CONVERSION = YES;
				GCC_WARN_ABOUT_RETURN_TYPE = YES_ERROR;
				GCC_WARN_UNDECLARED_SELECTOR = YES;
				GCC_WARN_UNINITIALIZED_AUTOS = YES_AGGRESSIVE;
				GCC_WARN_UNUSED_FUNCTION = YES;
				GCC_WARN_UNUSED_VARIABLE = YES;
				IPHONEOS_DEPLOYMENT_TARGET = 9.3;
				MTL_ENABLE_DEBUG_INFO = YES;
				ONLY_ACTIVE_ARCH = YES;
				SDKROOT = iphoneos;
				TARGETED_DEVICE_FAMILY = "1,2";
			};
			name = Debug;
		};
		6F8AA3F31DA264DA0063A554 /* Release */ = {
			isa = XCBuildConfiguration;
			buildSettings = {
				ALWAYS_SEARCH_USER_PATHS = NO;
				CLANG_ANALYZER_NONNULL = YES;
				CLANG_CXX_LANGUAGE_STANDARD = "gnu++0x";
				CLANG_CXX_LIBRARY = "libc++";
				CLANG_ENABLE_MODULES = YES;
				CLANG_ENABLE_OBJC_ARC = YES;
				CLANG_WARN_BOOL_CONVERSION = YES;
				CLANG_WARN_CONSTANT_CONVERSION = YES;
				CLANG_WARN_DIRECT_OBJC_ISA_USAGE = YES_ERROR;
				CLANG_WARN_EMPTY_BODY = YES;
				CLANG_WARN_ENUM_CONVERSION = YES;
				CLANG_WARN_INT_CONVERSION = YES;
				CLANG_WARN_OBJC_ROOT_CLASS = YES_ERROR;
				CLANG_WARN_UNREACHABLE_CODE = YES;
				CLANG_WARN__DUPLICATE_METHOD_MATCH = YES;
				"CODE_SIGN_IDENTITY[sdk=iphoneos*]" = "iPhone Developer";
				COPY_PHASE_STRIP = NO;
				DEBUG_INFORMATION_FORMAT = "dwarf-with-dsym";
				ENABLE_NS_ASSERTIONS = NO;
				ENABLE_STRICT_OBJC_MSGSEND = YES;
				GCC_C_LANGUAGE_STANDARD = gnu99;
				GCC_NO_COMMON_BLOCKS = YES;
				GCC_WARN_64_TO_32_BIT_CONVERSION = YES;
				GCC_WARN_ABOUT_RETURN_TYPE = YES_ERROR;
				GCC_WARN_UNDECLARED_SELECTOR = YES;
				GCC_WARN_UNINITIALIZED_AUTOS = YES_AGGRESSIVE;
				GCC_WARN_UNUSED_FUNCTION = YES;
				GCC_WARN_UNUSED_VARIABLE = YES;
				IPHONEOS_DEPLOYMENT_TARGET = 9.3;
				MTL_ENABLE_DEBUG_INFO = NO;
				SDKROOT = iphoneos;
				TARGETED_DEVICE_FAMILY = "1,2";
				VALIDATE_PRODUCT = YES;
			};
			name = Release;
		};
		6F8AA3F51DA264DA0063A554 /* Debug */ = {
			isa = XCBuildConfiguration;
			buildSettings = {
				ASSETCATALOG_COMPILER_APPICON_NAME = AppIcon;
				INFOPLIST_FILE = KMToDoList/Info.plist;
				LD_RUNPATH_SEARCH_PATHS = "$(inherited) @executable_path/Frameworks";
				PRODUCT_BUNDLE_IDENTIFIER = com.felixits.karishma.KMToDoList;
				PRODUCT_NAME = "$(TARGET_NAME)";
			};
			name = Debug;
		};
		6F8AA3F61DA264DA0063A554 /* Release */ = {
			isa = XCBuildConfiguration;
			buildSettings = {
				ASSETCATALOG_COMPILER_APPICON_NAME = AppIcon;
				INFOPLIST_FILE = KMToDoList/Info.plist;
				LD_RUNPATH_SEARCH_PATHS = "$(inherited) @executable_path/Frameworks";
				PRODUCT_BUNDLE_IDENTIFIER = com.felixits.karishma.KMToDoList;
				PRODUCT_NAME = "$(TARGET_NAME)";
			};
			name = Release;
		};
/* End XCBuildConfiguration section */

/* Begin XCConfigurationList section */
		6F8AA3D51DA264DA0063A554 /* Build configuration list for PBXProject "KMToDoList" */ = {
			isa = XCConfigurationList;
			buildConfigurations = (
				6F8AA3F21DA264DA0063A554 /* Debug */,
				6F8AA3F31DA264DA0063A554 /* Release */,
			);
			defaultConfigurationIsVisible = 0;
			defaultConfigurationName = Release;
		};
		6F8AA3F41DA264DA0063A554 /* Build configuration list for PBXNativeTarget "KMToDoList" */ = {
			isa = XCConfigurationList;
			buildConfigurations = (
				6F8AA3F51DA264DA0063A554 /* Debug */,
				6F8AA3F61DA264DA0063A554 /* Release */,
			);
			defaultConfigurationIsVisible = 0;
			defaultConfigurationName = Release;
		};
/* End XCConfigurationList section */
	};
	rootObject = 6F8AA3D21DA264DA0063A554 /* Project object */;
}
